
Microsoft Visual Studio Solution File, Format Version 12.00
# Visual Studio Version 17
VisualStudioVersion = 17.8.34330.188
MinimumVisualStudioVersion = 10.0.40219.1
Project("{FAE04EC0-301F-11D3-BF4B-00C04F79EFBC}") = "BookApi", "BookApi\BookApi.csproj", "{54340FE2-697D-4C7B-AA02-49D5750D2E05}"
EndProject
Global
	GlobalSection(SolutionConfigurationPlatforms) = preSolution
		Debug|Any CPU = Debug|Any CPU
		Release|Any CPU = Release|Any CPU
	EndGlobalSection
	GlobalSection(ProjectConfigurationPlatforms) = postSolution
		{54340FE2-697D-4C7B-AA02-49D5750D2E05}.Debug|Any CPU.ActiveCfg = Debug|Any CPU
		{54340FE2-697D-4C7B-AA02-49D5750D2E05}.Debug|Any CPU.Build.0 = Debug|Any CPU
		{54340FE2-697D-4C7B-AA02-49D5750D2E05}.Release|Any CPU.ActiveCfg = Release|Any CPU
		{54340FE2-697D-4C7B-AA02-49D5750D2E05}.Release|Any CPU.Build.0 = Release|Any CPU
	EndGlobalSection
	GlobalSection(SolutionProperties) = preSolution
		HideSolutionNode = FALSE
	EndGlobalSection
	GlobalSection(ExtensibilityGlobals) = postSolution
		SolutionGuid = {6A237F23-8622-492F-A86B-DAA44C9A7484}
	EndGlobalSection
EndGlobal
